
Microsoft Visual Studio Solution File, Format Version 12.00
# Visual Studio Version 17
VisualStudioVersion = 17.0.31903.59
MinimumVisualStudioVersion = 10.0.40219.1
Project("{FAE04EC0-301F-11D3-BF4B-00C04F79EFBC}") = "BrowserInteractLabeler.Common", "BrowserInteractLabeler.Common\BrowserInteractLabeler.Common.csproj", "{93DF7F29-7ED6-49B3-B80E-A5A8843210AA}"
EndProject
Project("{FAE04EC0-301F-11D3-BF4B-00C04F79EFBC}") = "BrowserInteractLabeler.DataLoader", "BrowserInteractLabeler.DataLoader\BrowserInteractLabeler.DataLoader.csproj", "{50110A02-64FE-4660-BE11-668B96A5443E}"
EndProject
Project("{FAE04EC0-301F-11D3-BF4B-00C04F79EFBC}") = "BrowserInteractLabeler.Repository", "BrowserInteractLabeler.Repository\BrowserInteractLabeler.Repository.csproj", "{5805E1CC-D368-419F-8872-0565FBF82C50}"
EndProject
Project("{FAE04EC0-301F-11D3-BF4B-00C04F79EFBC}") = "BrowserInteractLabeler.Repository.IntegrationTest", "BrowserInteractLabeler.Repository.IntegrationTest\BrowserInteractLabeler.Repository.IntegrationTest.csproj", "{D5CADEDC-6347-4FA6-BDA3-CD4DD128D09D}"
EndProject
Project("{2150E333-8FDC-42A3-9474-1A3956D46DE8}") = "_SolutionItems", "_SolutionItems", "{CCB4F4A1-61BD-4233-B257-4BC5914BD442}"
	ProjectSection(SolutionItems) = preProject
		Directory.Build.props = Directory.Build.props
		README.md = README.md
		pythonConverter\convert_BIL_to_yolo.py = pythonConverter\convert_BIL_to_yolo.py
		pythonConverter\Common.py = pythonConverter\Common.py
		pythonConverter\BILDto.py = pythonConverter\BILDto.py
	EndProjectSection
EndProject
Project("{2150E333-8FDC-42A3-9474-1A3956D46DE8}") = "Example", "Example", "{73A592E4-FA99-4141-910E-B0BE9E0DCBCD}"
EndProject
Project("{2150E333-8FDC-42A3-9474-1A3956D46DE8}") = "Info", "Info", "{636B0E7D-2B1F-4B12-8D1C-DD2C6C04766E}"
	ProjectSection(SolutionItems) = preProject
		Info\load_db.jpg = Info\load_db.jpg
		Info\settings.jpg = Info\settings.jpg
		Info\start_page.jpg = Info\start_page.jpg
	EndProjectSection
EndProject
Project("{2150E333-8FDC-42A3-9474-1A3956D46DE8}") = "ImagesToDataset", "ImagesToDataset", "{1E3807AE-A7F2-48BB-9D71-3C099F08AD4D}"
	ProjectSection(SolutionItems) = preProject
		Example\ImagesToDataset\000000032667.jpg = Example\ImagesToDataset\000000032667.jpg
		Example\ImagesToDataset\000000036448.jpg = Example\ImagesToDataset\000000036448.jpg
		Example\ImagesToDataset\000000038389.jpg = Example\ImagesToDataset\000000038389.jpg
		Example\ImagesToDataset\000000057480.jpg = Example\ImagesToDataset\000000057480.jpg
		Example\ImagesToDataset\annot.json = Example\ImagesToDataset\annot.json
	EndProjectSection
EndProject
Project("{FAE04EC0-301F-11D3-BF4B-00C04F79EFBC}") = "BlazorBrowserInteractLabeler.Web", "BlazorBrowserInteractLabeler.Web\BlazorBrowserInteractLabeler.Web.csproj", "{F5491D49-2423-4A9D-AE1D-DD5809D36B29}"
EndProject
Project("{FAE04EC0-301F-11D3-BF4B-00C04F79EFBC}") = "BlazorBrowserInteractLabeler.ARM", "BlazorBrowserInteractLabeler.ARM\BlazorBrowserInteractLabeler.ARM.csproj", "{3F72A982-C8A9-4E63-9243-91D6E7BB7719}"
EndProject
Global
	GlobalSection(SolutionConfigurationPlatforms) = preSolution
		Debug|Any CPU = Debug|Any CPU
		Release|Any CPU = Release|Any CPU
	EndGlobalSection
	GlobalSection(SolutionProperties) = preSolution
		HideSolutionNode = FALSE
	EndGlobalSection
	GlobalSection(ProjectConfigurationPlatforms) = postSolution
		{93DF7F29-7ED6-49B3-B80E-A5A8843210AA}.Debug|Any CPU.ActiveCfg = Debug|Any CPU
		{93DF7F29-7ED6-49B3-B80E-A5A8843210AA}.Debug|Any CPU.Build.0 = Debug|Any CPU
		{93DF7F29-7ED6-49B3-B80E-A5A8843210AA}.Release|Any CPU.ActiveCfg = Release|Any CPU
		{93DF7F29-7ED6-49B3-B80E-A5A8843210AA}.Release|Any CPU.Build.0 = Release|Any CPU
		{50110A02-64FE-4660-BE11-668B96A5443E}.Debug|Any CPU.ActiveCfg = Debug|Any CPU
		{50110A02-64FE-4660-BE11-668B96A5443E}.Debug|Any CPU.Build.0 = Debug|Any CPU
		{50110A02-64FE-4660-BE11-668B96A5443E}.Release|Any CPU.ActiveCfg = Release|Any CPU
		{50110A02-64FE-4660-BE11-668B96A5443E}.Release|Any CPU.Build.0 = Release|Any CPU
		{5805E1CC-D368-419F-8872-0565FBF82C50}.Debug|Any CPU.ActiveCfg = Debug|Any CPU
		{5805E1CC-D368-419F-8872-0565FBF82C50}.Debug|Any CPU.Build.0 = Debug|Any CPU
		{5805E1CC-D368-419F-8872-0565FBF82C50}.Release|Any CPU.ActiveCfg = Release|Any CPU
		{5805E1CC-D368-419F-8872-0565FBF82C50}.Release|Any CPU.Build.0 = Release|Any CPU
		{D5CADEDC-6347-4FA6-BDA3-CD4DD128D09D}.Debug|Any CPU.ActiveCfg = Debug|Any CPU
		{D5CADEDC-6347-4FA6-BDA3-CD4DD128D09D}.Debug|Any CPU.Build.0 = Debug|Any CPU
		{D5CADEDC-6347-4FA6-BDA3-CD4DD128D09D}.Release|Any CPU.ActiveCfg = Release|Any CPU
		{D5CADEDC-6347-4FA6-BDA3-CD4DD128D09D}.Release|Any CPU.Build.0 = Release|Any CPU
		{F5491D49-2423-4A9D-AE1D-DD5809D36B29}.Debug|Any CPU.ActiveCfg = Debug|Any CPU
		{F5491D49-2423-4A9D-AE1D-DD5809D36B29}.Debug|Any CPU.Build.0 = Debug|Any CPU
		{F5491D49-2423-4A9D-AE1D-DD5809D36B29}.Release|Any CPU.ActiveCfg = Release|Any CPU
		{F5491D49-2423-4A9D-AE1D-DD5809D36B29}.Release|Any CPU.Build.0 = Release|Any CPU
		{3F72A982-C8A9-4E63-9243-91D6E7BB7719}.Debug|Any CPU.ActiveCfg = Debug|Any CPU
		{3F72A982-C8A9-4E63-9243-91D6E7BB7719}.Debug|Any CPU.Build.0 = Debug|Any CPU
		{3F72A982-C8A9-4E63-9243-91D6E7BB7719}.Release|Any CPU.ActiveCfg = Release|Any CPU
		{3F72A982-C8A9-4E63-9243-91D6E7BB7719}.Release|Any CPU.Build.0 = Release|Any CPU
	EndGlobalSection
	GlobalSection(NestedProjects) = preSolution
		{1E3807AE-A7F2-48BB-9D71-3C099F08AD4D} = {73A592E4-FA99-4141-910E-B0BE9E0DCBCD}
		{73A592E4-FA99-4141-910E-B0BE9E0DCBCD} = {CCB4F4A1-61BD-4233-B257-4BC5914BD442}
		{636B0E7D-2B1F-4B12-8D1C-DD2C6C04766E} = {CCB4F4A1-61BD-4233-B257-4BC5914BD442}
	EndGlobalSection
EndGlobal
